{
  "name": "geeo",
  "version": "1.0.0",
  "lockfileVersion": 3,
  "requires": true,
  "packages": {
    "": {
      "name": "geeo",
      "version": "1.0.0",
      "license": "ISC",
      "dependencies": {
        "cron": "^4.3.1",
        "dotenv": "^16.5.0",
        "maxmind": "^4.3.27",
        "node-fetch": "^3.3.2"
      }
    },
    "node_modules/@types/luxon": {
      "version": "3.6.2",
      "resolved": "https://registry.npmjs.org/@types/luxon/-/luxon-3.6.2.tgz",
      "integrity": "sha512-R/BdP7OxEMc44l2Ex5lSXHoIXTB2JLNa3y2QISIbr58U/YcsffyQrYW//hZSdrfxrjRZj3GcUoxMPGdO8gSYuw==",
      "license": "MIT"
    },
    "node_modules/cron": {
      "version": "4.3.1",
      "resolved": "https://registry.npmjs.org/cron/-/cron-4.3.1.tgz",
      "integrity": "sha512-7x7DoEOxV11t3OPWWMjj1xrL1PGkTV5RV+/54IJTZD7gStiaMploY43EkeBSkDZTLRbUwk+OISbQ0TR133oXyA==",
      "license": "MIT",
      "dependencies": {
        "@types/luxon": "~3.6.0",
        "luxon": "~3.6.0"
      },
      "engines": {
        "node": ">=18.x"
      }
    },
    "node_modules/data-uri-to-buffer": {
      "version": "4.0.1",
      "resolved": "https://registry.npmjs.org/data-uri-to-buffer/-/data-uri-to-buffer-4.0.1.tgz",
      "integrity": "sha512-0R9ikRb668HB7QDxT1vkpuUBtqc53YyAwMwGeUFKRojY/NWKvdZ+9UYtRfGmhqNbRkTSVpMbmyhXipFFv2cb/A==",
      "license": "MIT",
      "engines": {
        "node": ">= 12"
      }
    },
    "node_modules/dotenv": {
      "version": "16.5.0",
      "resolved": "https://registry.npmjs.org/dotenv/-/dotenv-16.5.0.tgz",
      "integrity": "sha512-m/C+AwOAr9/W1UOIZUo232ejMNnJAJtYQjUbHoNTBNTJSvqzzDh7vnrei3o3r3m9blf6ZoDkvcw0VmozNRFJxg==",
      "license": "BSD-2-Clause",
      "engines": {
        "node": ">=12"
      },
      "funding": {
        "url": "https://dotenvx.com"
      }
    },
    "node_modules/fetch-blob": {
      "version": "3.2.0",
      "resolved": "https://registry.npmjs.org/fetch-blob/-/fetch-blob-3.2.0.tgz",
      "integrity": "sha512-7yAQpD2UMJzLi1Dqv7qFYnPbaPx7ZfFK6PiIxQ4PfkGPyNyl2Ugx+a/umUonmKqjhM4DnfbMvdX6otXq83soQQ==",
      "funding": [
        {
          "type": "github",
          "url": "https://github.com/sponsors/jimmywarting"
        },
        {
          "type": "paypal",
          "url": "https://paypal.me/jimmywarting"
        }
      ],
      "license": "MIT",
      "dependencies": {
        "node-domexception": "^1.0.0",
        "web-streams-polyfill": "^3.0.3"
      },
      "engines": {
        "node": "^12.20 || >= 14.13"
      }
    },
    "node_modules/formdata-polyfill": {
      "version": "4.0.10",
      "resolved": "https://registry.npmjs.org/formdata-polyfill/-/formdata-polyfill-4.0.10.tgz",
      "integrity": "sha512-buewHzMvYL29jdeQTVILecSaZKnt/RJWjoZCF5OW60Z67/GmSLBkOFM7qh1PI3zFNtJbaZL5eQu1vLfazOwj4g==",
      "license": "MIT",
      "dependencies": {
        "fetch-blob": "^3.1.2"
      },
      "engines": {
        "node": ">=12.20.0"
      }
    },
    "node_modules/luxon": {
      "version": "3.6.1",
      "resolved": "https://registry.npmjs.org/luxon/-/luxon-3.6.1.tgz",
      "integrity": "sha512-tJLxrKJhO2ukZ5z0gyjY1zPh3Rh88Ej9P7jNrZiHMUXHae1yvI2imgOZtL1TO8TW6biMMKfTtAOoEJANgtWBMQ==",
      "license": "MIT",
      "engines": {
        "node": ">=12"
      }
    },
    "node_modules/maxmind": {
      "version": "4.3.27",
      "resolved": "https://registry.npmjs.org/maxmind/-/maxmind-4.3.27.tgz",
      "integrity": "sha512-JAHOoeuEOW4irH4OWXndaZPODfEXOlebL25pKeXSwZv7jbu5CzQZvim/aiFZNFTIuTbYs7bKFVwVXYhoSXWDqA==",
      "license": "MIT",
      "dependencies": {
        "mmdb-lib": "2.2.1",
        "tiny-lru": "11.3.2"
      },
      "engines": {
        "node": ">=12",
        "npm": ">=6"
      }
    },
    "node_modules/mmdb-lib": {
      "version": "2.2.1",
      "resolved": "https://registry.npmjs.org/mmdb-lib/-/mmdb-lib-2.2.1.tgz",
      "integrity": "sha512-DXO4L9W+08T+A7h5+xdT32l7IMot8z7WOH+7C1Maol571PnktQ8un7Ni4CyPFp4H+vht/FDA5/tpjRvWMFQDMw==",
      "license": "MIT",
      "engines": {
        "node": ">=10",
        "npm": ">=6"
      }
    },
    "node_modules/node-domexception": {
      "version": "1.0.0",
      "resolved": "https://registry.npmjs.org/node-domexception/-/node-domexception-1.0.0.tgz",
      "integrity": "sha512-/jKZoMpw0F8GRwl4/eLROPA3cfcXtLApP0QzLmUT/HuPCZWyB7IY9ZrMeKw2O/nFIqPQB3PVM9aYm0F312AXDQ==",
      "deprecated": "Use your platform's native DOMException instead",
      "funding": [
        {
          "type": "github",
          "url": "https://github.com/sponsors/jimmywarting"
        },
        {
          "type": "github",
          "url": "https://paypal.me/jimmywarting"
        }
      ],
      "license": "MIT",
      "engines": {
        "node": ">=10.5.0"
      }
    },
    "node_modules/node-fetch": {
      "version": "3.3.2",
      "resolved": "https://registry.npmjs.org/node-fetch/-/node-fetch-3.3.2.tgz",
      "integrity": "sha512-dRB78srN/l6gqWulah9SrxeYnxeddIG30+GOqK/9OlLVyLg3HPnr6SqOWTWOXKRwC2eGYCkZ59NNuSgvSrpgOA==",
      "license": "MIT",
      "dependencies": {
        "data-uri-to-buffer": "^4.0.0",
        "fetch-blob": "^3.1.4",
        "formdata-polyfill": "^4.0.10"
      },
      "engines": {
        "node": "^12.20.0 || ^14.13.1 || >=16.0.0"
      },
      "funding": {
        "type": "opencollective",
        "url": "https://opencollective.com/node-fetch"
      }
    },
    "node_modules/tiny-lru": {
      "version": "11.3.2",
      "resolved": "https://registry.npmjs.org/tiny-lru/-/tiny-lru-11.3.2.tgz",
      "integrity": "sha512-JOHabNXZYoaa41/vcpUaq2UxyFts5xXS1qc+Dj00HsGXGYqdtUx79a8xNv38Cy0qgUQH9OdMXvsk6NETsAGxyQ==",
      "license": "BSD-3-Clause",
      "engines": {
        "node": ">=12"
      }
    },
    "node_modules/web-streams-polyfill": {
      "version": "3.3.3",
      "resolved": "https://registry.npmjs.org/web-streams-polyfill/-/web-streams-polyfill-3.3.3.tgz",
      "integrity": "sha512-d2JWLCivmZYTSIoge9MsgFCZrt571BikcWGYkjC1khllbTeDlGqZ2D8vD8E/lJa8WGWbb7Plm8/XJYV7IJHZZw==",
      "license": "MIT",
      "engines": {
        "node": ">= 8"
      }
    }
  }
}
